github.com/stretchr/testify v1.10.0/go.mod h1:r2ic/lqez/lEtzL7wO/rwa5dbSLXVDPFyf8C91i36aY=
github.com/testcontainers/testcontainers-go v0.36.0/go.mod h1:yk73GVJ0KUZIHUtFna6MO7QS144qYpoY8lEEtU9Hed0=
github.com/testcontainers/testcontainers-go/modules/postgres v0.36.0/go.mod h1:WKS3MGq1lzbVibIRnL08TOaf5bKWPxJe5frzyQfV4oY=
